
Microsoft Visual Studio Solution File, Format Version 12.00
# Visual Studio Version 17
VisualStudioVersion = 17.14.36518.9
MinimumVisualStudioVersion = 10.0.40219.1
Project("{2150E333-8FDC-42A3-9474-1A3956D46DE8}") = "Task0", "Task0", "{02EA681E-C7D8-13C7-8484-4AC65E1B71E8}"
EndProject
Project("{FAE04EC0-301F-11D3-BF4B-00C04F79EFBC}") = "Tyuiu.KoryakinaAE.Sprint5.Task0.V3", "Tyuiu.KoryakinaAE.Sprint5.Task0.V3\Tyuiu.KoryakinaAE.Sprint5.Task0.V3.csproj", "{8CFE6900-03D7-49AC-9E01-88D4ABAA6D31}"
EndProject
Project("{FAE04EC0-301F-11D3-BF4B-00C04F79EFBC}") = "Tyuiu.KoryakinaAE.Sprint5.Task0.V3.Lib", "Tyuiu.KoryakinaAE.Sprint5.Task0.V3.Lib\Tyuiu.KoryakinaAE.Sprint5.Task0.V3.Lib.csproj", "{F5ED6C2F-1F05-48AD-ACF6-82F36A7A6172}"
EndProject
Project("{FAE04EC0-301F-11D3-BF4B-00C04F79EFBC}") = "Tyuiu.KoryakinaAE.Sprint5.Task0.V3.Test", "Tyuiu.KoryakinaAE.Sprint5.Task0.V3.Test\Tyuiu.KoryakinaAE.Sprint5.Task0.V3.Test.csproj", "{6B6C40EE-FC88-43D8-85CB-D335044E1F6B}"
EndProject
Project("{2150E333-8FDC-42A3-9474-1A3956D46DE8}") = "Task1", "Task1", "{FD0521E8-6596-48E2-9CF5-B78A19B45959}"
EndProject
Project("{FAE04EC0-301F-11D3-BF4B-00C04F79EFBC}") = "Tyuiu.KoryakinaAE.Sprint5.Task1.V12", "Tyuiu.KoryakinaAE.Sprint5.Task1.V12\Tyuiu.KoryakinaAE.Sprint5.Task1.V12.csproj", "{80F9D92A-1BFF-4CD0-84A2-2EE90AE698DC}"
EndProject
Project("{FAE04EC0-301F-11D3-BF4B-00C04F79EFBC}") = "Tyuiu.KoryakinaAE.Sprint5.Task1.V12.Lib", "Tyuiu.KoryakinaAE.Sprint5.Task1.V12.Lib\Tyuiu.KoryakinaAE.Sprint5.Task1.V12.Lib.csproj", "{95CFA75C-2BE8-44F0-8E1B-F0D2A258E016}"
EndProject
Project("{FAE04EC0-301F-11D3-BF4B-00C04F79EFBC}") = "Tyuiu.KoryakinaAE.Sprint5.Task1.V12.Test", "Tyuiu.KoryakinaAE.Sprint5.Task1.V12.Test\Tyuiu.KoryakinaAE.Sprint5.Task1.V12.Test.csproj", "{5E68AE1C-F17B-45DA-A8AA-CA8A8F24C37A}"
EndProject
Project("{2150E333-8FDC-42A3-9474-1A3956D46DE8}") = "Task2", "Task2", "{B32F3ABA-C097-45A3-91C4-6698DCFC0F20}"
EndProject
Project("{FAE04EC0-301F-11D3-BF4B-00C04F79EFBC}") = "Tyuiu.KoryakinaAE.Sprint5.Task2.V28", "Tyuiu.KoryakinaAE.Sprint5.Task2.V28\Tyuiu.KoryakinaAE.Sprint5.Task2.V28.csproj", "{4FC96B91-0ECB-4393-903E-749811725B3D}"
EndProject
Project("{FAE04EC0-301F-11D3-BF4B-00C04F79EFBC}") = "Tyuiu.KoryakinaAE.Sprint5.Task2.V28.Lib", "Tyuiu.KoryakinaAE.Sprint5.Task2.V28.Lib\Tyuiu.KoryakinaAE.Sprint5.Task2.V28.Lib.csproj", "{4A5B7ECC-227B-4110-87A2-2AF03625283F}"
EndProject
Project("{FAE04EC0-301F-11D3-BF4B-00C04F79EFBC}") = "Tyuiu.KoryakinaAE.Sprint5.Task2.V28.Test", "Tyuiu.KoryakinaAE.Sprint5.Task2.V28.Test\Tyuiu.KoryakinaAE.Sprint5.Task2.V28.Test.csproj", "{AA779006-B694-43E8-93D4-A241A2DC40C5}"
EndProject
Project("{2150E333-8FDC-42A3-9474-1A3956D46DE8}") = "Task3", "Task3", "{1371214D-B961-426A-A9C0-05C4D1959F84}"
EndProject
Project("{FAE04EC0-301F-11D3-BF4B-00C04F79EFBC}") = "Tyuiu.KoryakinaAE.Sprint5.Task3.V9", "Tyuiu.KoryakinaAE.Sprint5.Task3.V9\Tyuiu.KoryakinaAE.Sprint5.Task3.V9.csproj", "{4806373D-F84E-4FC8-9FE8-09D86F380751}"
EndProject
Project("{FAE04EC0-301F-11D3-BF4B-00C04F79EFBC}") = "Tyuiu.KoryakinaAE.Sprint5.Task3.V9.Lib", "Tyuiu.KoryakinaAE.Sprint5.Task3.V9.Lib\Tyuiu.KoryakinaAE.Sprint5.Task3.V9.Lib.csproj", "{F55BB0A8-FC50-4602-9B74-2DF35E1BBAD8}"
EndProject
Project("{FAE04EC0-301F-11D3-BF4B-00C04F79EFBC}") = "Tyuiu.KoryakinaAE.Sprint5.Task3.V9.Test", "Tyuiu.KoryakinaAE.Sprint5.Task3.V9.Test\Tyuiu.KoryakinaAE.Sprint5.Task3.V9.Test.csproj", "{9DEB971D-7749-4F4C-8520-8104A435BA0E}"
EndProject
Project("{2150E333-8FDC-42A3-9474-1A3956D46DE8}") = "Task4", "Task4", "{F2EC84A5-1D50-4CE1-AAF9-B5C926C201DA}"
EndProject
Project("{FAE04EC0-301F-11D3-BF4B-00C04F79EFBC}") = "Tyuiu.KoryakinaAE.Sprint5.Task4.V4", "Tyuiu.KoryakinaAE.Sprint5.Task4.V4\Tyuiu.KoryakinaAE.Sprint5.Task4.V4.csproj", "{ABCC570F-6ACE-4983-9783-29C6769FFE22}"
EndProject
Project("{FAE04EC0-301F-11D3-BF4B-00C04F79EFBC}") = "Tyuiu.KoryakinaAE.Sprint5.Task4.V4.Lib", "Tyuiu.KoryakinaAE.Sprint5.Task4.V4.Lib\Tyuiu.KoryakinaAE.Sprint5.Task4.V4.Lib.csproj", "{CBEF0B7B-8BAF-4578-B6B5-9A576EBC0C56}"
EndProject
Project("{FAE04EC0-301F-11D3-BF4B-00C04F79EFBC}") = "Tyuiu.KoryakinaAE.Sprint5.Task4.V4.Test", "Tyuiu.KoryakinaAE.Sprint5.Task4.V4.Test\Tyuiu.KoryakinaAE.Sprint5.Task4.V4.Test.csproj", "{7FE01DDD-73E3-43E8-9C9C-B8ECF82EEDDF}"
EndProject
Global
	GlobalSection(SolutionConfigurationPlatforms) = preSolution
		Debug|Any CPU = Debug|Any CPU
		Release|Any CPU = Release|Any CPU
	EndGlobalSection
	GlobalSection(ProjectConfigurationPlatforms) = postSolution
		{8CFE6900-03D7-49AC-9E01-88D4ABAA6D31}.Debug|Any CPU.ActiveCfg = Debug|Any CPU
		{8CFE6900-03D7-49AC-9E01-88D4ABAA6D31}.Debug|Any CPU.Build.0 = Debug|Any CPU
		{8CFE6900-03D7-49AC-9E01-88D4ABAA6D31}.Release|Any CPU.ActiveCfg = Release|Any CPU
		{8CFE6900-03D7-49AC-9E01-88D4ABAA6D31}.Release|Any CPU.Build.0 = Release|Any CPU
		{F5ED6C2F-1F05-48AD-ACF6-82F36A7A6172}.Debug|Any CPU.ActiveCfg = Debug|Any CPU
		{F5ED6C2F-1F05-48AD-ACF6-82F36A7A6172}.Debug|Any CPU.Build.0 = Debug|Any CPU
		{F5ED6C2F-1F05-48AD-ACF6-82F36A7A6172}.Release|Any CPU.ActiveCfg = Release|Any CPU
		{F5ED6C2F-1F05-48AD-ACF6-82F36A7A6172}.Release|Any CPU.Build.0 = Release|Any CPU
		{6B6C40EE-FC88-43D8-85CB-D335044E1F6B}.Debug|Any CPU.ActiveCfg = Debug|Any CPU
		{6B6C40EE-FC88-43D8-85CB-D335044E1F6B}.Debug|Any CPU.Build.0 = Debug|Any CPU
		{6B6C40EE-FC88-43D8-85CB-D335044E1F6B}.Release|Any CPU.ActiveCfg = Release|Any CPU
		{6B6C40EE-FC88-43D8-85CB-D335044E1F6B}.Release|Any CPU.Build.0 = Release|Any CPU
		{80F9D92A-1BFF-4CD0-84A2-2EE90AE698DC}.Debug|Any CPU.ActiveCfg = Debug|Any CPU
		{80F9D92A-1BFF-4CD0-84A2-2EE90AE698DC}.Debug|Any CPU.Build.0 = Debug|Any CPU
		{80F9D92A-1BFF-4CD0-84A2-2EE90AE698DC}.Release|Any CPU.ActiveCfg = Release|Any CPU
		{80F9D92A-1BFF-4CD0-84A2-2EE90AE698DC}.Release|Any CPU.Build.0 = Release|Any CPU
		{95CFA75C-2BE8-44F0-8E1B-F0D2A258E016}.Debug|Any CPU.ActiveCfg = Debug|Any CPU
		{95CFA75C-2BE8-44F0-8E1B-F0D2A258E016}.Debug|Any CPU.Build.0 = Debug|Any CPU
		{95CFA75C-2BE8-44F0-8E1B-F0D2A258E016}.Release|Any CPU.ActiveCfg = Release|Any CPU
		{95CFA75C-2BE8-44F0-8E1B-F0D2A258E016}.Release|Any CPU.Build.0 = Release|Any CPU
		{5E68AE1C-F17B-45DA-A8AA-CA8A8F24C37A}.Debug|Any CPU.ActiveCfg = Debug|Any CPU
		{5E68AE1C-F17B-45DA-A8AA-CA8A8F24C37A}.Debug|Any CPU.Build.0 = Debug|Any CPU
		{5E68AE1C-F17B-45DA-A8AA-CA8A8F24C37A}.Release|Any CPU.ActiveCfg = Release|Any CPU
		{5E68AE1C-F17B-45DA-A8AA-CA8A8F24C37A}.Release|Any CPU.Build.0 = Release|Any CPU
		{4FC96B91-0ECB-4393-903E-749811725B3D}.Debug|Any CPU.ActiveCfg = Debug|Any CPU
		{4FC96B91-0ECB-4393-903E-749811725B3D}.Debug|Any CPU.Build.0 = Debug|Any CPU
		{4FC96B91-0ECB-4393-903E-749811725B3D}.Release|Any CPU.ActiveCfg = Release|Any CPU
		{4FC96B91-0ECB-4393-903E-749811725B3D}.Release|Any CPU.Build.0 = Release|Any CPU
		{4A5B7ECC-227B-4110-87A2-2AF03625283F}.Debug|Any CPU.ActiveCfg = Debug|Any CPU
		{4A5B7ECC-227B-4110-87A2-2AF03625283F}.Debug|Any CPU.Build.0 = Debug|Any CPU
		{4A5B7ECC-227B-4110-87A2-2AF03625283F}.Release|Any CPU.ActiveCfg = Release|Any CPU
		{4A5B7ECC-227B-4110-87A2-2AF03625283F}.Release|Any CPU.Build.0 = Release|Any CPU
		{AA779006-B694-43E8-93D4-A241A2DC40C5}.Debug|Any CPU.ActiveCfg = Debug|Any CPU
		{AA779006-B694-43E8-93D4-A241A2DC40C5}.Debug|Any CPU.Build.0 = Debug|Any CPU
		{AA779006-B694-43E8-93D4-A241A2DC40C5}.Release|Any CPU.ActiveCfg = Release|Any CPU
		{AA779006-B694-43E8-93D4-A241A2DC40C5}.Release|Any CPU.Build.0 = Release|Any CPU
		{4806373D-F84E-4FC8-9FE8-09D86F380751}.Debug|Any CPU.ActiveCfg = Debug|Any CPU
		{4806373D-F84E-4FC8-9FE8-09D86F380751}.Debug|Any CPU.Build.0 = Debug|Any CPU
		{4806373D-F84E-4FC8-9FE8-09D86F380751}.Release|Any CPU.ActiveCfg = Release|Any CPU
		{4806373D-F84E-4FC8-9FE8-09D86F380751}.Release|Any CPU.Build.0 = Release|Any CPU
		{F55BB0A8-FC50-4602-9B74-2DF35E1BBAD8}.Debug|Any CPU.ActiveCfg = Debug|Any CPU
		{F55BB0A8-FC50-4602-9B74-2DF35E1BBAD8}.Debug|Any CPU.Build.0 = Debug|Any CPU
		{F55BB0A8-FC50-4602-9B74-2DF35E1BBAD8}.Release|Any CPU.ActiveCfg = Release|Any CPU
		{F55BB0A8-FC50-4602-9B74-2DF35E1BBAD8}.Release|Any CPU.Build.0 = Release|Any CPU
		{9DEB971D-7749-4F4C-8520-8104A435BA0E}.Debug|Any CPU.ActiveCfg = Debug|Any CPU
		{9DEB971D-7749-4F4C-8520-8104A435BA0E}.Debug|Any CPU.Build.0 = Debug|Any CPU
		{9DEB971D-7749-4F4C-8520-8104A435BA0E}.Release|Any CPU.ActiveCfg = Release|Any CPU
		{9DEB971D-7749-4F4C-8520-8104A435BA0E}.Release|Any CPU.Build.0 = Release|Any CPU
		{ABCC570F-6ACE-4983-9783-29C6769FFE22}.Debug|Any CPU.ActiveCfg = Debug|Any CPU
		{ABCC570F-6ACE-4983-9783-29C6769FFE22}.Debug|Any CPU.Build.0 = Debug|Any CPU
		{ABCC570F-6ACE-4983-9783-29C6769FFE22}.Release|Any CPU.ActiveCfg = Release|Any CPU
		{ABCC570F-6ACE-4983-9783-29C6769FFE22}.Release|Any CPU.Build.0 = Release|Any CPU
		{CBEF0B7B-8BAF-4578-B6B5-9A576EBC0C56}.Debug|Any CPU.ActiveCfg = Debug|Any CPU
		{CBEF0B7B-8BAF-4578-B6B5-9A576EBC0C56}.Debug|Any CPU.Build.0 = Debug|Any CPU
		{CBEF0B7B-8BAF-4578-B6B5-9A576EBC0C56}.Release|Any CPU.ActiveCfg = Release|Any CPU
		{CBEF0B7B-8BAF-4578-B6B5-9A576EBC0C56}.Release|Any CPU.Build.0 = Release|Any CPU
		{7FE01DDD-73E3-43E8-9C9C-B8ECF82EEDDF}.Debug|Any CPU.ActiveCfg = Debug|Any CPU
		{7FE01DDD-73E3-43E8-9C9C-B8ECF82EEDDF}.Debug|Any CPU.Build.0 = Debug|Any CPU
		{7FE01DDD-73E3-43E8-9C9C-B8ECF82EEDDF}.Release|Any CPU.ActiveCfg = Release|Any CPU
		{7FE01DDD-73E3-43E8-9C9C-B8ECF82EEDDF}.Release|Any CPU.Build.0 = Release|Any CPU
	EndGlobalSection
	GlobalSection(SolutionProperties) = preSolution
		HideSolutionNode = FALSE
	EndGlobalSection
	GlobalSection(NestedProjects) = preSolution
		{8CFE6900-03D7-49AC-9E01-88D4ABAA6D31} = {02EA681E-C7D8-13C7-8484-4AC65E1B71E8}
		{F5ED6C2F-1F05-48AD-ACF6-82F36A7A6172} = {02EA681E-C7D8-13C7-8484-4AC65E1B71E8}
		{6B6C40EE-FC88-43D8-85CB-D335044E1F6B} = {02EA681E-C7D8-13C7-8484-4AC65E1B71E8}
		{80F9D92A-1BFF-4CD0-84A2-2EE90AE698DC} = {FD0521E8-6596-48E2-9CF5-B78A19B45959}
		{95CFA75C-2BE8-44F0-8E1B-F0D2A258E016} = {FD0521E8-6596-48E2-9CF5-B78A19B45959}
		{5E68AE1C-F17B-45DA-A8AA-CA8A8F24C37A} = {FD0521E8-6596-48E2-9CF5-B78A19B45959}
		{4FC96B91-0ECB-4393-903E-749811725B3D} = {B32F3ABA-C097-45A3-91C4-6698DCFC0F20}
		{4A5B7ECC-227B-4110-87A2-2AF03625283F} = {B32F3ABA-C097-45A3-91C4-6698DCFC0F20}
		{AA779006-B694-43E8-93D4-A241A2DC40C5} = {B32F3ABA-C097-45A3-91C4-6698DCFC0F20}
		{4806373D-F84E-4FC8-9FE8-09D86F380751} = {1371214D-B961-426A-A9C0-05C4D1959F84}
		{F55BB0A8-FC50-4602-9B74-2DF35E1BBAD8} = {1371214D-B961-426A-A9C0-05C4D1959F84}
		{9DEB971D-7749-4F4C-8520-8104A435BA0E} = {1371214D-B961-426A-A9C0-05C4D1959F84}
		{ABCC570F-6ACE-4983-9783-29C6769FFE22} = {F2EC84A5-1D50-4CE1-AAF9-B5C926C201DA}
		{CBEF0B7B-8BAF-4578-B6B5-9A576EBC0C56} = {F2EC84A5-1D50-4CE1-AAF9-B5C926C201DA}
		{7FE01DDD-73E3-43E8-9C9C-B8ECF82EEDDF} = {F2EC84A5-1D50-4CE1-AAF9-B5C926C201DA}
	EndGlobalSection
	GlobalSection(ExtensibilityGlobals) = postSolution
		SolutionGuid = {6C6C61C3-0F71-44E5-AD5D-E0AE3C1CCE17}
	EndGlobalSection
EndGlobal
